
Microsoft Visual Studio Solution File, Format Version 12.00
# Visual Studio Version 17
VisualStudioVersion = 17.5.001.0
MinimumVisualStudioVersion = 10.0.40219.1
Project("{9A19103F-16F7-4668-BE54-9A1E7A4F7556}") = "obhavobot", "obhavobot.csproj", "{3E0F9621-FFE2-471B-910F-9195E177F005}"
EndProject
Global
	GlobalSection(SolutionConfigurationPlatforms) = preSolution
		Debug|Any CPU = Debug|Any CPU
		Release|Any CPU = Release|Any CPU
	EndGlobalSection
	GlobalSection(ProjectConfigurationPlatforms) = postSolution
		{3E0F9621-FFE2-471B-910F-9195E177F005}.Debug|Any CPU.ActiveCfg = Debug|Any CPU
		{3E0F9621-FFE2-471B-910F-9195E177F005}.Debug|Any CPU.Build.0 = Debug|Any CPU
		{3E0F9621-FFE2-471B-910F-9195E177F005}.Release|Any CPU.ActiveCfg = Release|Any CPU
		{3E0F9621-FFE2-471B-910F-9195E177F005}.Release|Any CPU.Build.0 = Release|Any CPU
	EndGlobalSection
	GlobalSection(SolutionProperties) = preSolution
		HideSolutionNode = FALSE
	EndGlobalSection
	GlobalSection(ExtensibilityGlobals) = postSolution
		SolutionGuid = {21110481-7C07-4D54-8402-7411D24D41C3}
	EndGlobalSection
EndGlobal
